
Microsoft Visual Studio Solution File, Format Version 12.00
# Visual Studio Version 17
VisualStudioVersion = 17.9.34728.123
MinimumVisualStudioVersion = 10.0.40219.1
Project("{9A19103F-16F7-4668-BE54-9A1E7A4F7556}") = "IronPdfAWSLambdaNet80", "IronPdfAWSLambdaNet80\IronPdfAWSLambdaNet80.csproj", "{16773387-A696-4722-BDD7-D2C049E2E752}"
EndProject
Global
	GlobalSection(SolutionConfigurationPlatforms) = preSolution
		Debug|Any CPU = Debug|Any CPU
		Release|Any CPU = Release|Any CPU
	EndGlobalSection
	GlobalSection(ProjectConfigurationPlatforms) = postSolution
		{16773387-A696-4722-BDD7-D2C049E2E752}.Debug|Any CPU.ActiveCfg = Debug|Any CPU
		{16773387-A696-4722-BDD7-D2C049E2E752}.Debug|Any CPU.Build.0 = Debug|Any CPU
		{16773387-A696-4722-BDD7-D2C049E2E752}.Release|Any CPU.ActiveCfg = Release|Any CPU
		{16773387-A696-4722-BDD7-D2C049E2E752}.Release|Any CPU.Build.0 = Release|Any CPU
	EndGlobalSection
	GlobalSection(SolutionProperties) = preSolution
		HideSolutionNode = FALSE
	EndGlobalSection
	GlobalSection(ExtensibilityGlobals) = postSolution
		SolutionGuid = {722B1FD4-978B-428F-89C7-DA78474F7587}
	EndGlobalSection
EndGlobal
